
Microsoft Visual Studio Solution File, Format Version 12.00
# Visual Studio Version 17
VisualStudioVersion = 17.9.34728.123
MinimumVisualStudioVersion = 10.0.40219.1
Project("{FAE04EC0-301F-11D3-BF4B-00C04F79EFBC}") = "StoreManagement", "StoreManagement\StoreManagement.csproj", "{180988AC-393B-45C8-94A5-70C31A071D26}"
EndProject
Global
	GlobalSection(SolutionConfigurationPlatforms) = preSolution
		Debug|Any CPU = Debug|Any CPU
		Release|Any CPU = Release|Any CPU
	EndGlobalSection
	GlobalSection(ProjectConfigurationPlatforms) = postSolution
		{180988AC-393B-45C8-94A5-70C31A071D26}.Debug|Any CPU.ActiveCfg = Debug|Any CPU
		{180988AC-393B-45C8-94A5-70C31A071D26}.Debug|Any CPU.Build.0 = Debug|Any CPU
		{180988AC-393B-45C8-94A5-70C31A071D26}.Release|Any CPU.ActiveCfg = Release|Any CPU
		{180988AC-393B-45C8-94A5-70C31A071D26}.Release|Any CPU.Build.0 = Release|Any CPU
	EndGlobalSection
	GlobalSection(SolutionProperties) = preSolution
		HideSolutionNode = FALSE
	EndGlobalSection
	GlobalSection(ExtensibilityGlobals) = postSolution
		SolutionGuid = {A9FA03C0-D23B-495A-A75C-277C4041ABD2}
	EndGlobalSection
EndGlobal
